
Microsoft Visual Studio Solution File, Format Version 12.00
# Visual Studio Version 16
VisualStudioVersion = 16.0.30503.244
MinimumVisualStudioVersion = 10.0.40219.1
Project("{FAE04EC0-301F-11D3-BF4B-00C04F79EFBC}") = "lab3", "lab3\lab3.csproj", "{93D37742-8DB1-4197-9609-460EE5D6EEF4}"
EndProject
Global
	GlobalSection(SolutionConfigurationPlatforms) = preSolution
		Debug|Any CPU = Debug|Any CPU
		Release|Any CPU = Release|Any CPU
	EndGlobalSection
	GlobalSection(ProjectConfigurationPlatforms) = postSolution
		{93D37742-8DB1-4197-9609-460EE5D6EEF4}.Debug|Any CPU.ActiveCfg = Debug|Any CPU
		{93D37742-8DB1-4197-9609-460EE5D6EEF4}.Debug|Any CPU.Build.0 = Debug|Any CPU
		{93D37742-8DB1-4197-9609-460EE5D6EEF4}.Release|Any CPU.ActiveCfg = Release|Any CPU
		{93D37742-8DB1-4197-9609-460EE5D6EEF4}.Release|Any CPU.Build.0 = Release|Any CPU
	EndGlobalSection
	GlobalSection(SolutionProperties) = preSolution
		HideSolutionNode = FALSE
	EndGlobalSection
	GlobalSection(ExtensibilityGlobals) = postSolution
		SolutionGuid = {20D17065-F410-4705-A049-4D343E3C5A26}
	EndGlobalSection
EndGlobal
