
Microsoft Visual Studio Solution File, Format Version 12.00
# Visual Studio Version 16
VisualStudioVersion = 16.0.30503.244
MinimumVisualStudioVersion = 10.0.40219.1
Project("{888888A0-9F3D-457C-B088-3A5042F75D52}") = "Lab3.3", "Lab3.3\Lab3.3.pyproj", "{A25DAD2D-70AA-4CE8-B176-F1EEF517F86A}"
EndProject
Global
	GlobalSection(SolutionConfigurationPlatforms) = preSolution
		Debug|Any CPU = Debug|Any CPU
		Release|Any CPU = Release|Any CPU
	EndGlobalSection
	GlobalSection(ProjectConfigurationPlatforms) = postSolution
		{A25DAD2D-70AA-4CE8-B176-F1EEF517F86A}.Debug|Any CPU.ActiveCfg = Debug|Any CPU
		{A25DAD2D-70AA-4CE8-B176-F1EEF517F86A}.Release|Any CPU.ActiveCfg = Release|Any CPU
	EndGlobalSection
	GlobalSection(SolutionProperties) = preSolution
		HideSolutionNode = FALSE
	EndGlobalSection
	GlobalSection(ExtensibilityGlobals) = postSolution
		SolutionGuid = {A2C75ECE-6C5D-4C3A-8E66-CAC9516EEA4A}
	EndGlobalSection
EndGlobal
