
Microsoft Visual Studio Solution File, Format Version 12.00
# Visual Studio Version 17
VisualStudioVersion = 17.1.32210.238
MinimumVisualStudioVersion = 10.0.40219.1
Project("{FAE04EC0-301F-11D3-BF4B-00C04F79EFBC}") = "Lab8", "Lab8\Lab8.csproj", "{85B9CBAD-59B1-456C-A10A-DA59EF2B7161}"
EndProject
Global
	GlobalSection(SolutionConfigurationPlatforms) = preSolution
		Debug|Any CPU = Debug|Any CPU
		Release|Any CPU = Release|Any CPU
	EndGlobalSection
	GlobalSection(ProjectConfigurationPlatforms) = postSolution
		{85B9CBAD-59B1-456C-A10A-DA59EF2B7161}.Debug|Any CPU.ActiveCfg = Debug|Any CPU
		{85B9CBAD-59B1-456C-A10A-DA59EF2B7161}.Debug|Any CPU.Build.0 = Debug|Any CPU
		{85B9CBAD-59B1-456C-A10A-DA59EF2B7161}.Release|Any CPU.ActiveCfg = Release|Any CPU
		{85B9CBAD-59B1-456C-A10A-DA59EF2B7161}.Release|Any CPU.Build.0 = Release|Any CPU
	EndGlobalSection
	GlobalSection(SolutionProperties) = preSolution
		HideSolutionNode = FALSE
	EndGlobalSection
	GlobalSection(ExtensibilityGlobals) = postSolution
		SolutionGuid = {421633CF-2658-4162-B32B-7748BCAFB146}
	EndGlobalSection
EndGlobal
