
Microsoft Visual Studio Solution File, Format Version 12.00
# Visual Studio Version 16
VisualStudioVersion = 16.0.30503.244
MinimumVisualStudioVersion = 10.0.40219.1
Project("{888888A0-9F3D-457C-B088-3A5042F75D52}") = "lab2.1", "lab2.1\lab2.1.pyproj", "{AA061DDC-93CA-4F19-BC45-9D601AAE34B0}"
EndProject
Global
	GlobalSection(SolutionConfigurationPlatforms) = preSolution
		Debug|Any CPU = Debug|Any CPU
		Release|Any CPU = Release|Any CPU
	EndGlobalSection
	GlobalSection(ProjectConfigurationPlatforms) = postSolution
		{AA061DDC-93CA-4F19-BC45-9D601AAE34B0}.Debug|Any CPU.ActiveCfg = Debug|Any CPU
		{AA061DDC-93CA-4F19-BC45-9D601AAE34B0}.Release|Any CPU.ActiveCfg = Release|Any CPU
	EndGlobalSection
	GlobalSection(SolutionProperties) = preSolution
		HideSolutionNode = FALSE
	EndGlobalSection
	GlobalSection(ExtensibilityGlobals) = postSolution
		SolutionGuid = {EF30835D-C8BD-4B16-B5D6-F9FC6FAEC771}
	EndGlobalSection
EndGlobal
