
Microsoft Visual Studio Solution File, Format Version 12.00
# Visual Studio Version 17
VisualStudioVersion = 17.1.32210.238
MinimumVisualStudioVersion = 10.0.40219.1
Project("{9A19103F-16F7-4668-BE54-9A1E7A4F7556}") = "Calculator", "Calculator\Calculator.csproj", "{19FC7D54-4BBD-4523-90BB-F58321584289}"
EndProject
Project("{FAE04EC0-301F-11D3-BF4B-00C04F79EFBC}") = "CalculatorTests", "CalculatorTests\CalculatorTests.csproj", "{C354FF42-5E17-4E13-8DB3-8583218701A6}"
EndProject
Global
	GlobalSection(SolutionConfigurationPlatforms) = preSolution
		Debug|Any CPU = Debug|Any CPU
		Release|Any CPU = Release|Any CPU
	EndGlobalSection
	GlobalSection(ProjectConfigurationPlatforms) = postSolution
		{19FC7D54-4BBD-4523-90BB-F58321584289}.Debug|Any CPU.ActiveCfg = Debug|Any CPU
		{19FC7D54-4BBD-4523-90BB-F58321584289}.Debug|Any CPU.Build.0 = Debug|Any CPU
		{19FC7D54-4BBD-4523-90BB-F58321584289}.Release|Any CPU.ActiveCfg = Release|Any CPU
		{19FC7D54-4BBD-4523-90BB-F58321584289}.Release|Any CPU.Build.0 = Release|Any CPU
		{C354FF42-5E17-4E13-8DB3-8583218701A6}.Debug|Any CPU.ActiveCfg = Debug|Any CPU
		{C354FF42-5E17-4E13-8DB3-8583218701A6}.Debug|Any CPU.Build.0 = Debug|Any CPU
		{C354FF42-5E17-4E13-8DB3-8583218701A6}.Release|Any CPU.ActiveCfg = Release|Any CPU
		{C354FF42-5E17-4E13-8DB3-8583218701A6}.Release|Any CPU.Build.0 = Release|Any CPU
	EndGlobalSection
	GlobalSection(SolutionProperties) = preSolution
		HideSolutionNode = FALSE
	EndGlobalSection
	GlobalSection(ExtensibilityGlobals) = postSolution
		SolutionGuid = {C2C2BDB0-23F2-41BE-B0B1-CA5CF5238E02}
	EndGlobalSection
EndGlobal
