
Microsoft Visual Studio Solution File, Format Version 12.00
# Visual Studio Version 17
VisualStudioVersion = 17.1.32210.238
MinimumVisualStudioVersion = 10.0.40219.1
Project("{FAE04EC0-301F-11D3-BF4B-00C04F79EFBC}") = "BDZ", "BDZ\BDZ.csproj", "{147E2CCF-5B13-42CF-8C9A-08261FF62789}"
EndProject
Global
	GlobalSection(SolutionConfigurationPlatforms) = preSolution
		Debug|Any CPU = Debug|Any CPU
		Release|Any CPU = Release|Any CPU
	EndGlobalSection
	GlobalSection(ProjectConfigurationPlatforms) = postSolution
		{147E2CCF-5B13-42CF-8C9A-08261FF62789}.Debug|Any CPU.ActiveCfg = Debug|Any CPU
		{147E2CCF-5B13-42CF-8C9A-08261FF62789}.Debug|Any CPU.Build.0 = Debug|Any CPU
		{147E2CCF-5B13-42CF-8C9A-08261FF62789}.Release|Any CPU.ActiveCfg = Release|Any CPU
		{147E2CCF-5B13-42CF-8C9A-08261FF62789}.Release|Any CPU.Build.0 = Release|Any CPU
	EndGlobalSection
	GlobalSection(SolutionProperties) = preSolution
		HideSolutionNode = FALSE
	EndGlobalSection
	GlobalSection(ExtensibilityGlobals) = postSolution
		SolutionGuid = {F1099CC2-7F9B-4614-A335-BDA23BCD853C}
	EndGlobalSection
EndGlobal
