
Microsoft Visual Studio Solution File, Format Version 12.00
# Visual Studio Version 16
VisualStudioVersion = 16.0.30503.244
MinimumVisualStudioVersion = 10.0.40219.1
Project("{888888A0-9F3D-457C-B088-3A5042F75D52}") = "Lab3.2", "Lab3.2\Lab3.2.pyproj", "{97168DE7-0903-4B72-8ACF-B04E25E734AF}"
EndProject
Global
	GlobalSection(SolutionConfigurationPlatforms) = preSolution
		Debug|Any CPU = Debug|Any CPU
		Release|Any CPU = Release|Any CPU
	EndGlobalSection
	GlobalSection(ProjectConfigurationPlatforms) = postSolution
		{97168DE7-0903-4B72-8ACF-B04E25E734AF}.Debug|Any CPU.ActiveCfg = Debug|Any CPU
		{97168DE7-0903-4B72-8ACF-B04E25E734AF}.Release|Any CPU.ActiveCfg = Release|Any CPU
	EndGlobalSection
	GlobalSection(SolutionProperties) = preSolution
		HideSolutionNode = FALSE
	EndGlobalSection
	GlobalSection(ExtensibilityGlobals) = postSolution
		SolutionGuid = {47DCBD67-6403-4C09-8639-CA64C1CEAE9B}
	EndGlobalSection
EndGlobal
