
Microsoft Visual Studio Solution File, Format Version 12.00
# Visual Studio Version 17
VisualStudioVersion = 17.1.32210.238
MinimumVisualStudioVersion = 10.0.40219.1
Project("{FAE04EC0-301F-11D3-BF4B-00C04F79EFBC}") = "lab 4 wpf", "lab 4 wpf\lab 4 wpf.csproj", "{C058C9B4-577B-40DC-BBC3-332B52F43AFA}"
EndProject
Global
	GlobalSection(SolutionConfigurationPlatforms) = preSolution
		Debug|Any CPU = Debug|Any CPU
		Debug|ARM = Debug|ARM
		Debug|ARM64 = Debug|ARM64
		Debug|x64 = Debug|x64
		Debug|x86 = Debug|x86
		Release|Any CPU = Release|Any CPU
		Release|ARM = Release|ARM
		Release|ARM64 = Release|ARM64
		Release|x64 = Release|x64
		Release|x86 = Release|x86
	EndGlobalSection
	GlobalSection(ProjectConfigurationPlatforms) = postSolution
		{C058C9B4-577B-40DC-BBC3-332B52F43AFA}.Debug|Any CPU.ActiveCfg = Debug|Any CPU
		{C058C9B4-577B-40DC-BBC3-332B52F43AFA}.Debug|Any CPU.Build.0 = Debug|Any CPU
		{C058C9B4-577B-40DC-BBC3-332B52F43AFA}.Debug|ARM.ActiveCfg = Debug|Any CPU
		{C058C9B4-577B-40DC-BBC3-332B52F43AFA}.Debug|ARM.Build.0 = Debug|Any CPU
		{C058C9B4-577B-40DC-BBC3-332B52F43AFA}.Debug|ARM64.ActiveCfg = Debug|Any CPU
		{C058C9B4-577B-40DC-BBC3-332B52F43AFA}.Debug|ARM64.Build.0 = Debug|Any CPU
		{C058C9B4-577B-40DC-BBC3-332B52F43AFA}.Debug|x64.ActiveCfg = Debug|Any CPU
		{C058C9B4-577B-40DC-BBC3-332B52F43AFA}.Debug|x64.Build.0 = Debug|Any CPU
		{C058C9B4-577B-40DC-BBC3-332B52F43AFA}.Debug|x86.ActiveCfg = Debug|Any CPU
		{C058C9B4-577B-40DC-BBC3-332B52F43AFA}.Debug|x86.Build.0 = Debug|Any CPU
		{C058C9B4-577B-40DC-BBC3-332B52F43AFA}.Release|Any CPU.ActiveCfg = Release|Any CPU
		{C058C9B4-577B-40DC-BBC3-332B52F43AFA}.Release|Any CPU.Build.0 = Release|Any CPU
		{C058C9B4-577B-40DC-BBC3-332B52F43AFA}.Release|ARM.ActiveCfg = Release|Any CPU
		{C058C9B4-577B-40DC-BBC3-332B52F43AFA}.Release|ARM.Build.0 = Release|Any CPU
		{C058C9B4-577B-40DC-BBC3-332B52F43AFA}.Release|ARM64.ActiveCfg = Release|Any CPU
		{C058C9B4-577B-40DC-BBC3-332B52F43AFA}.Release|ARM64.Build.0 = Release|Any CPU
		{C058C9B4-577B-40DC-BBC3-332B52F43AFA}.Release|x64.ActiveCfg = Release|Any CPU
		{C058C9B4-577B-40DC-BBC3-332B52F43AFA}.Release|x64.Build.0 = Release|Any CPU
		{C058C9B4-577B-40DC-BBC3-332B52F43AFA}.Release|x86.ActiveCfg = Release|Any CPU
		{C058C9B4-577B-40DC-BBC3-332B52F43AFA}.Release|x86.Build.0 = Release|Any CPU
	EndGlobalSection
	GlobalSection(SolutionProperties) = preSolution
		HideSolutionNode = FALSE
	EndGlobalSection
	GlobalSection(ExtensibilityGlobals) = postSolution
		SolutionGuid = {91022815-AEA3-48B2-8547-16016716AF0A}
	EndGlobalSection
EndGlobal
