
Microsoft Visual Studio Solution File, Format Version 12.00
# Visual Studio Version 16
VisualStudioVersion = 16.0.30503.244
MinimumVisualStudioVersion = 10.0.40219.1
Project("{8BC9CEB8-8B4A-11D0-8D11-00A0C91BC942}") = "lab1 normal", "lab1 normal\lab1 normal.vcxproj", "{B56A8058-18FE-48A1-BC70-CDB64563C886}"
EndProject
Global
	GlobalSection(SolutionConfigurationPlatforms) = preSolution
		Debug|x64 = Debug|x64
		Debug|x86 = Debug|x86
		Release|x64 = Release|x64
		Release|x86 = Release|x86
	EndGlobalSection
	GlobalSection(ProjectConfigurationPlatforms) = postSolution
		{B56A8058-18FE-48A1-BC70-CDB64563C886}.Debug|x64.ActiveCfg = Debug|x64
		{B56A8058-18FE-48A1-BC70-CDB64563C886}.Debug|x64.Build.0 = Debug|x64
		{B56A8058-18FE-48A1-BC70-CDB64563C886}.Debug|x86.ActiveCfg = Debug|Win32
		{B56A8058-18FE-48A1-BC70-CDB64563C886}.Debug|x86.Build.0 = Debug|Win32
		{B56A8058-18FE-48A1-BC70-CDB64563C886}.Release|x64.ActiveCfg = Release|x64
		{B56A8058-18FE-48A1-BC70-CDB64563C886}.Release|x64.Build.0 = Release|x64
		{B56A8058-18FE-48A1-BC70-CDB64563C886}.Release|x86.ActiveCfg = Release|Win32
		{B56A8058-18FE-48A1-BC70-CDB64563C886}.Release|x86.Build.0 = Release|Win32
	EndGlobalSection
	GlobalSection(SolutionProperties) = preSolution
		HideSolutionNode = FALSE
	EndGlobalSection
	GlobalSection(ExtensibilityGlobals) = postSolution
		SolutionGuid = {122CD24C-AFCB-45B0-A371-E04C8C7BCE3F}
	EndGlobalSection
EndGlobal
