
Microsoft Visual Studio Solution File, Format Version 12.00
# Visual Studio Version 16
VisualStudioVersion = 16.0.30503.244
MinimumVisualStudioVersion = 10.0.40219.1
Project("{888888A0-9F3D-457C-B088-3A5042F75D52}") = "Lab3.1", "Lab3.1\Lab3.1.pyproj", "{6195E921-3D74-45FE-BC03-AD82FA3D85B1}"
EndProject
Global
	GlobalSection(SolutionConfigurationPlatforms) = preSolution
		Debug|Any CPU = Debug|Any CPU
		Release|Any CPU = Release|Any CPU
	EndGlobalSection
	GlobalSection(ProjectConfigurationPlatforms) = postSolution
		{6195E921-3D74-45FE-BC03-AD82FA3D85B1}.Debug|Any CPU.ActiveCfg = Debug|Any CPU
		{6195E921-3D74-45FE-BC03-AD82FA3D85B1}.Release|Any CPU.ActiveCfg = Release|Any CPU
	EndGlobalSection
	GlobalSection(SolutionProperties) = preSolution
		HideSolutionNode = FALSE
	EndGlobalSection
	GlobalSection(ExtensibilityGlobals) = postSolution
		SolutionGuid = {4FBB8250-F4D0-44AB-B4EB-70A9F2942C89}
	EndGlobalSection
EndGlobal
