
Microsoft Visual Studio Solution File, Format Version 12.00
# Visual Studio Version 16
VisualStudioVersion = 16.0.31112.23
MinimumVisualStudioVersion = 10.0.40219.1
Project("{8BC9CEB8-8B4A-11D0-8D11-00A0C91BC942}") = "lab3_var_18", "lab3_var_18\lab3_var_18.vcxproj", "{963603E5-C6C4-4774-BD0D-D71E317B858D}"
EndProject
Global
	GlobalSection(SolutionConfigurationPlatforms) = preSolution
		Debug|x64 = Debug|x64
		Debug|x86 = Debug|x86
		Release|x64 = Release|x64
		Release|x86 = Release|x86
	EndGlobalSection
	GlobalSection(ProjectConfigurationPlatforms) = postSolution
		{963603E5-C6C4-4774-BD0D-D71E317B858D}.Debug|x64.ActiveCfg = Debug|x64
		{963603E5-C6C4-4774-BD0D-D71E317B858D}.Debug|x64.Build.0 = Debug|x64
		{963603E5-C6C4-4774-BD0D-D71E317B858D}.Debug|x86.ActiveCfg = Debug|Win32
		{963603E5-C6C4-4774-BD0D-D71E317B858D}.Debug|x86.Build.0 = Debug|Win32
		{963603E5-C6C4-4774-BD0D-D71E317B858D}.Release|x64.ActiveCfg = Release|x64
		{963603E5-C6C4-4774-BD0D-D71E317B858D}.Release|x64.Build.0 = Release|x64
		{963603E5-C6C4-4774-BD0D-D71E317B858D}.Release|x86.ActiveCfg = Release|Win32
		{963603E5-C6C4-4774-BD0D-D71E317B858D}.Release|x86.Build.0 = Release|Win32
	EndGlobalSection
	GlobalSection(SolutionProperties) = preSolution
		HideSolutionNode = FALSE
	EndGlobalSection
	GlobalSection(ExtensibilityGlobals) = postSolution
		SolutionGuid = {94C55347-F3F3-4963-82AD-B286024B456A}
	EndGlobalSection
EndGlobal
