
Microsoft Visual Studio Solution File, Format Version 12.00
# Visual Studio Version 17
VisualStudioVersion = 17.0.32112.339
MinimumVisualStudioVersion = 10.0.40219.1
Project("{FAE04EC0-301F-11D3-BF4B-00C04F79EFBC}") = "lab 2", "lab 2\lab 2.csproj", "{1168E170-7473-4D92-A0E7-05AD9EFC82C8}"
EndProject
Global
	GlobalSection(SolutionConfigurationPlatforms) = preSolution
		Debug|Any CPU = Debug|Any CPU
		Release|Any CPU = Release|Any CPU
	EndGlobalSection
	GlobalSection(ProjectConfigurationPlatforms) = postSolution
		{1168E170-7473-4D92-A0E7-05AD9EFC82C8}.Debug|Any CPU.ActiveCfg = Debug|Any CPU
		{1168E170-7473-4D92-A0E7-05AD9EFC82C8}.Debug|Any CPU.Build.0 = Debug|Any CPU
		{1168E170-7473-4D92-A0E7-05AD9EFC82C8}.Release|Any CPU.ActiveCfg = Release|Any CPU
		{1168E170-7473-4D92-A0E7-05AD9EFC82C8}.Release|Any CPU.Build.0 = Release|Any CPU
	EndGlobalSection
	GlobalSection(SolutionProperties) = preSolution
		HideSolutionNode = FALSE
	EndGlobalSection
	GlobalSection(ExtensibilityGlobals) = postSolution
		SolutionGuid = {F3DBF1FF-9BC4-4B19-A7C5-BA611A022D7C}
	EndGlobalSection
EndGlobal
