
Microsoft Visual Studio Solution File, Format Version 12.00
# Visual Studio Version 16
VisualStudioVersion = 16.0.31112.23
MinimumVisualStudioVersion = 10.0.40219.1
Project("{8BC9CEB8-8B4A-11D0-8D11-00A0C91BC942}") = "lab6_var_10", "lab6_var_10\lab6_var_10.vcxproj", "{935DD98A-FDC8-471D-B44A-34ACD96DD225}"
EndProject
Global
	GlobalSection(SolutionConfigurationPlatforms) = preSolution
		Debug|x64 = Debug|x64
		Debug|x86 = Debug|x86
		Release|x64 = Release|x64
		Release|x86 = Release|x86
	EndGlobalSection
	GlobalSection(ProjectConfigurationPlatforms) = postSolution
		{935DD98A-FDC8-471D-B44A-34ACD96DD225}.Debug|x64.ActiveCfg = Debug|x64
		{935DD98A-FDC8-471D-B44A-34ACD96DD225}.Debug|x64.Build.0 = Debug|x64
		{935DD98A-FDC8-471D-B44A-34ACD96DD225}.Debug|x86.ActiveCfg = Debug|Win32
		{935DD98A-FDC8-471D-B44A-34ACD96DD225}.Debug|x86.Build.0 = Debug|Win32
		{935DD98A-FDC8-471D-B44A-34ACD96DD225}.Release|x64.ActiveCfg = Release|x64
		{935DD98A-FDC8-471D-B44A-34ACD96DD225}.Release|x64.Build.0 = Release|x64
		{935DD98A-FDC8-471D-B44A-34ACD96DD225}.Release|x86.ActiveCfg = Release|Win32
		{935DD98A-FDC8-471D-B44A-34ACD96DD225}.Release|x86.Build.0 = Release|Win32
	EndGlobalSection
	GlobalSection(SolutionProperties) = preSolution
		HideSolutionNode = FALSE
	EndGlobalSection
	GlobalSection(ExtensibilityGlobals) = postSolution
		SolutionGuid = {CD551C77-9BD0-4D08-9C1A-4576CDC4C195}
	EndGlobalSection
EndGlobal
