
Microsoft Visual Studio Solution File, Format Version 12.00
# Visual Studio Version 17
VisualStudioVersion = 17.1.32210.238
MinimumVisualStudioVersion = 10.0.40219.1
Project("{9A19103F-16F7-4668-BE54-9A1E7A4F7556}") = "Lab1", "Lab1\Lab1.csproj", "{0C5BCBD7-71F5-4297-A2E5-456E3FC78EED}"
EndProject
Global
	GlobalSection(SolutionConfigurationPlatforms) = preSolution
		Debug|Any CPU = Debug|Any CPU
		Release|Any CPU = Release|Any CPU
	EndGlobalSection
	GlobalSection(ProjectConfigurationPlatforms) = postSolution
		{0C5BCBD7-71F5-4297-A2E5-456E3FC78EED}.Debug|Any CPU.ActiveCfg = Debug|Any CPU
		{0C5BCBD7-71F5-4297-A2E5-456E3FC78EED}.Debug|Any CPU.Build.0 = Debug|Any CPU
		{0C5BCBD7-71F5-4297-A2E5-456E3FC78EED}.Release|Any CPU.ActiveCfg = Release|Any CPU
		{0C5BCBD7-71F5-4297-A2E5-456E3FC78EED}.Release|Any CPU.Build.0 = Release|Any CPU
	EndGlobalSection
	GlobalSection(SolutionProperties) = preSolution
		HideSolutionNode = FALSE
	EndGlobalSection
	GlobalSection(ExtensibilityGlobals) = postSolution
		SolutionGuid = {30EDD37B-623E-4F3B-A63C-864D314AC64A}
	EndGlobalSection
EndGlobal
