
Microsoft Visual Studio Solution File, Format Version 12.00
# Visual Studio Version 17
VisualStudioVersion = 17.1.32210.238
MinimumVisualStudioVersion = 10.0.40219.1
Project("{FAE04EC0-301F-11D3-BF4B-00C04F79EFBC}") = "Lab7", "Lab7\Lab7.csproj", "{E6DCED63-36F4-4B7F-BCFA-3CCA6D32B4F5}"
EndProject
Global
	GlobalSection(SolutionConfigurationPlatforms) = preSolution
		Debug|Any CPU = Debug|Any CPU
		Release|Any CPU = Release|Any CPU
	EndGlobalSection
	GlobalSection(ProjectConfigurationPlatforms) = postSolution
		{E6DCED63-36F4-4B7F-BCFA-3CCA6D32B4F5}.Debug|Any CPU.ActiveCfg = Debug|Any CPU
		{E6DCED63-36F4-4B7F-BCFA-3CCA6D32B4F5}.Debug|Any CPU.Build.0 = Debug|Any CPU
		{E6DCED63-36F4-4B7F-BCFA-3CCA6D32B4F5}.Release|Any CPU.ActiveCfg = Release|Any CPU
		{E6DCED63-36F4-4B7F-BCFA-3CCA6D32B4F5}.Release|Any CPU.Build.0 = Release|Any CPU
	EndGlobalSection
	GlobalSection(SolutionProperties) = preSolution
		HideSolutionNode = FALSE
	EndGlobalSection
	GlobalSection(ExtensibilityGlobals) = postSolution
		SolutionGuid = {C8433670-5B76-47A1-9CB3-DC75534852DC}
	EndGlobalSection
EndGlobal
