
Microsoft Visual Studio Solution File, Format Version 12.00
# Visual Studio Version 17
VisualStudioVersion = 17.6.33712.159
MinimumVisualStudioVersion = 10.0.40219.1
Project("{8BC9CEB8-8B4A-11D0-8D11-00A0C91BC942}") = "Lab2_1", "Lab2_1\Lab2_1.vcxproj", "{885F06C3-EC72-4506-841E-4AEAD935229D}"
EndProject
Project("{8BC9CEB8-8B4A-11D0-8D11-00A0C91BC942}") = "Lab2_2", "Lab2_2\Lab2_2.vcxproj", "{8E25C936-DCF1-4A65-87CF-E4E8BB535284}"
EndProject
Global
	GlobalSection(SolutionConfigurationPlatforms) = preSolution
		Debug|x64 = Debug|x64
		Release|x64 = Release|x64
	EndGlobalSection
	GlobalSection(ProjectConfigurationPlatforms) = postSolution
		{885F06C3-EC72-4506-841E-4AEAD935229D}.Debug|x64.ActiveCfg = Debug|x64
		{885F06C3-EC72-4506-841E-4AEAD935229D}.Debug|x64.Build.0 = Debug|x64
		{885F06C3-EC72-4506-841E-4AEAD935229D}.Release|x64.ActiveCfg = Release|x64
		{885F06C3-EC72-4506-841E-4AEAD935229D}.Release|x64.Build.0 = Release|x64
		{8E25C936-DCF1-4A65-87CF-E4E8BB535284}.Debug|x64.ActiveCfg = Debug|x64
		{8E25C936-DCF1-4A65-87CF-E4E8BB535284}.Debug|x64.Build.0 = Debug|x64
		{8E25C936-DCF1-4A65-87CF-E4E8BB535284}.Release|x64.ActiveCfg = Release|x64
		{8E25C936-DCF1-4A65-87CF-E4E8BB535284}.Release|x64.Build.0 = Release|x64
	EndGlobalSection
	GlobalSection(SolutionProperties) = preSolution
		HideSolutionNode = FALSE
	EndGlobalSection
	GlobalSection(ExtensibilityGlobals) = postSolution
		SolutionGuid = {73C1674B-16D6-452C-9971-A76D1FEAD5F1}
	EndGlobalSection
EndGlobal
